
Microsoft Visual Studio Solution File, Format Version 12.00
# Visual Studio 2012
Project("{FAE04EC0-301F-11D3-BF4B-00C04F79EFBC}") = "cloudcoin", "cloudcoin\cloudcoin.csproj", "{B0201218-9230-4528-B47B-9B7D22BB890B}"
EndProject
Global
	GlobalSection(SolutionConfigurationPlatforms) = preSolution
		Debug|iPhoneSimulator = Debug|iPhoneSimulator
		Release|iPhone = Release|iPhone
		Release|iPhoneSimulator = Release|iPhoneSimulator
		Debug|iPhone = Debug|iPhone
	EndGlobalSection
	GlobalSection(ProjectConfigurationPlatforms) = postSolution
		{B0201218-9230-4528-B47B-9B7D22BB890B}.Debug|iPhoneSimulator.ActiveCfg = Debug|iPhoneSimulator
		{B0201218-9230-4528-B47B-9B7D22BB890B}.Debug|iPhoneSimulator.Build.0 = Debug|iPhoneSimulator
		{B0201218-9230-4528-B47B-9B7D22BB890B}.Release|iPhone.ActiveCfg = Release|iPhone
		{B0201218-9230-4528-B47B-9B7D22BB890B}.Release|iPhone.Build.0 = Release|iPhone
		{B0201218-9230-4528-B47B-9B7D22BB890B}.Release|iPhoneSimulator.ActiveCfg = Release|iPhoneSimulator
		{B0201218-9230-4528-B47B-9B7D22BB890B}.Release|iPhoneSimulator.Build.0 = Release|iPhoneSimulator
		{B0201218-9230-4528-B47B-9B7D22BB890B}.Debug|iPhone.ActiveCfg = Debug|iPhone
		{B0201218-9230-4528-B47B-9B7D22BB890B}.Debug|iPhone.Build.0 = Debug|iPhone
	EndGlobalSection
EndGlobal
